
Microsoft Visual Studio Solution File, Format Version 12.00
# Visual Studio Version 17
VisualStudioVersion = 17.14.36401.2
MinimumVisualStudioVersion = 10.0.40219.1
Project("{FAE04EC0-301F-11D3-BF4B-00C04F79EFBC}") = "front-auditoria", "front-auditoria\front-auditoria.csproj", "{D51CDC92-E485-4883-8B73-B8B4A3884F5A}"
EndProject
Project("{FAE04EC0-301F-11D3-BF4B-00C04F79EFBC}") = "back-auditoria", "back-auditoria\back-auditoria.csproj", "{D445FCC3-CCBC-4EAE-8520-0BA6716FBECB}"
EndProject
Project("{FAE04EC0-301F-11D3-BF4B-00C04F79EFBC}") = "DTOs", "DTOs\DTOs.csproj", "{50415387-CAB2-45A0-8F85-64EFBEE2957C}"
EndProject
Global
	GlobalSection(SolutionConfigurationPlatforms) = preSolution
		Debug|Any CPU = Debug|Any CPU
		Release|Any CPU = Release|Any CPU
	EndGlobalSection
	GlobalSection(ProjectConfigurationPlatforms) = postSolution
		{D51CDC92-E485-4883-8B73-B8B4A3884F5A}.Debug|Any CPU.ActiveCfg = Debug|Any CPU
		{D51CDC92-E485-4883-8B73-B8B4A3884F5A}.Debug|Any CPU.Build.0 = Debug|Any CPU
		{D51CDC92-E485-4883-8B73-B8B4A3884F5A}.Release|Any CPU.ActiveCfg = Release|Any CPU
		{D51CDC92-E485-4883-8B73-B8B4A3884F5A}.Release|Any CPU.Build.0 = Release|Any CPU
		{D445FCC3-CCBC-4EAE-8520-0BA6716FBECB}.Debug|Any CPU.ActiveCfg = Debug|Any CPU
		{D445FCC3-CCBC-4EAE-8520-0BA6716FBECB}.Debug|Any CPU.Build.0 = Debug|Any CPU
		{D445FCC3-CCBC-4EAE-8520-0BA6716FBECB}.Release|Any CPU.ActiveCfg = Release|Any CPU
		{D445FCC3-CCBC-4EAE-8520-0BA6716FBECB}.Release|Any CPU.Build.0 = Release|Any CPU
		{50415387-CAB2-45A0-8F85-64EFBEE2957C}.Debug|Any CPU.ActiveCfg = Debug|Any CPU
		{50415387-CAB2-45A0-8F85-64EFBEE2957C}.Debug|Any CPU.Build.0 = Debug|Any CPU
		{50415387-CAB2-45A0-8F85-64EFBEE2957C}.Release|Any CPU.ActiveCfg = Release|Any CPU
		{50415387-CAB2-45A0-8F85-64EFBEE2957C}.Release|Any CPU.Build.0 = Release|Any CPU
	EndGlobalSection
	GlobalSection(SolutionProperties) = preSolution
		HideSolutionNode = FALSE
	EndGlobalSection
	GlobalSection(ExtensibilityGlobals) = postSolution
		SolutionGuid = {8E20F92A-80E5-4DBD-BB49-DBF7581B0731}
	EndGlobalSection
EndGlobal
